// !$*UTF8*$!
{
	archiveVersion = 1;
	classes = {
	};
	objectVersion = 50;
	objects = {

/* Begin PBXBuildFile section */
		D590ADF1229BFC07000FE8BE /* AppDelegate.swift in Sources */ = {isa = PBXBuildFile; fileRef = D590ADF0229BFC07000FE8BE /* AppDelegate.swift */; };
		D590ADF3229BFC07000FE8BE /* ViewController.swift in Sources */ = {isa = PBXBuildFile; fileRef = D590ADF2229BFC07000FE8BE /* ViewController.swift */; };
		D590ADF6229BFC07000FE8BE /* Main.storyboard in Resources */ = {isa = PBXBuildFile; fileRef = D590ADF4229BFC07000FE8BE /* Main.storyboard */; };
		D590ADF8229BFC09000FE8BE /* Assets.xcassets in Resources */ = {isa = PBXBuildFile; fileRef = D590ADF7229BFC09000FE8BE /* Assets.xcassets */; };
		D590ADFB229BFC09000FE8BE /* LaunchScreen.storyboard in Resources */ = {isa = PBXBuildFile; fileRef = D590ADF9229BFC09000FE8BE /* LaunchScreen.storyboard */; };
/* End PBXBuildFile section */

/* Begin PBXFileReference section */
		D590ADED229BFC07000FE8BE /* InstaGrid.app */ = {isa = PBXFileReference; explicitFileType = wrapper.application; includeInIndex = 0; path = InstaGrid.app; sourceTree = BUILT_PRODUCTS_DIR; };
		D590ADF0229BFC07000FE8BE /* AppDelegate.swift */ = {isa = PBXFileReference; lastKnownFileType = sourcecode.swift; path = AppDelegate.swift; sourceTree = "<group>"; };
		D590ADF2229BFC07000FE8BE /* ViewController.swift */ = {isa = PBXFileReference; lastKnownFileType = sourcecode.swift; path = ViewController.swift; sourceTree = "<group>"; };
		D590ADF5229BFC07000FE8BE /* Base */ = {isa = PBXFileReference; lastKnownFileType = file.storyboard; name = Base; path = Base.lproj/Main.storyboard; sourceTree = "<group>"; };
		D590ADF7229BFC09000FE8BE /* Assets.xcassets */ = {isa = PBXFileReference; lastKnownFileType = folder.assetcatalog; path = Assets.xcassets; sourceTree = "<group>"; };
		D590ADFA229BFC09000FE8BE /* Base */ = {isa = PBXFileReference; lastKnownFileType = file.storyboard; name = Base; path = Base.lproj/LaunchScreen.storyboard; sourceTree = "<group>"; };
		D590ADFC229BFC09000FE8BE /* Info.plist */ = {isa = PBXFileReference; lastKnownFileType = text.plist.xml; path = Info.plist; sourceTree = "<group>"; };
/* End PBXFileReference section */

/* Begin PBXFrameworksBuildPhase section */
		D590ADEA229BFC07000FE8BE /* Frameworks */ = {
			isa = PBXFrameworksBuildPhase;
			buildActionMask = 2147483647;
			files = (
			);
			runOnlyForDeploymentPostprocessing = 0;
		};
/* End PBXFrameworksBuildPhase section */

/* Begin PBXGroup section */
		D590ADE4229BFC07000FE8BE = {
			isa = PBXGroup;
			children = (
				D590ADEF229BFC07000FE8BE /* InstaGrid */,
			);
			sourceTree = "<group>";
		};
		D590ADEE229BFC07000FE8BE /* Products */ = {
			isa = PBXGroup;
			children = (
				D590ADED229BFC07000FE8BE /* InstaGrid.app */,
			);
			name = Products;
			path = ..;
			sourceTree = "<group>";
		};
		D590ADEF229BFC07000FE8BE /* InstaGrid */ = {
			isa = PBXGroup;
			children = (
				D590AE05229C3685000FE8BE /* Other files */,
				D590AE02229C360D000FE8BE /* Model */,
				D590AE03229C361A000FE8BE /* View */,
				D590AE04229C3636000FE8BE /* Controleur */,
				D590ADEE229BFC07000FE8BE /* Products */,
			);
			path = InstaGrid;
			sourceTree = "<group>";
		};
		D590AE02229C360D000FE8BE /* Model */ = {
			isa = PBXGroup;
			children = (
			);
			path = Model;
			sourceTree = "<group>";
		};
		D590AE03229C361A000FE8BE /* View */ = {
			isa = PBXGroup;
			children = (
				D590ADF4229BFC07000FE8BE /* Main.storyboard */,
			);
			path = View;
			sourceTree = "<group>";
		};
		D590AE04229C3636000FE8BE /* Controleur */ = {
			isa = PBXGroup;
			children = (
				D590ADF2229BFC07000FE8BE /* ViewController.swift */,
			);
			path = Controleur;
			sourceTree = "<group>";
		};
		D590AE05229C3685000FE8BE /* Other files */ = {
			isa = PBXGroup;
			children = (
				D590ADF0229BFC07000FE8BE /* AppDelegate.swift */,
				D590ADF7229BFC09000FE8BE /* Assets.xcassets */,
				D590ADF9229BFC09000FE8BE /* LaunchScreen.storyboard */,
				D590ADFC229BFC09000FE8BE /* Info.plist */,
			);
			path = "Other files";
			sourceTree = "<group>";
		};
/* End PBXGroup section */

/* Begin PBXNativeTarget section */
		D590ADEC229BFC07000FE8BE /* InstaGrid */ = {
			isa = PBXNativeTarget;
			buildConfigurationList = D590ADFF229BFC09000FE8BE /* Build configuration list for PBXNativeTarget "InstaGrid" */;
			buildPhases = (
				D590ADE9229BFC07000FE8BE /* Sources */,
				D590ADEA229BFC07000FE8BE /* Frameworks */,
				D590ADEB229BFC07000FE8BE /* Resources */,
			);
			buildRules = (
			);
			dependencies = (
			);
			name = InstaGrid;
			productName = InstaGrid;
			productReference = D590ADED229BFC07000FE8BE /* InstaGrid.app */;
			productType = "com.apple.product-type.application";
		};
/* End PBXNativeTarget section */

/* Begin PBXProject section */
		D590ADE5229BFC07000FE8BE /* Project object */ = {
			isa = PBXProject;
			attributes = {
				LastSwiftUpdateCheck = 1010;
				LastUpgradeCheck = 1010;
				ORGANIZATIONNAME = Massinissa_theking;
				TargetAttributes = {
					D590ADEC229BFC07000FE8BE = {
						CreatedOnToolsVersion = 10.1;
					};
				};
			};
			buildConfigurationList = D590ADE8229BFC07000FE8BE /* Build configuration list for PBXProject "InstaGrid" */;
			compatibilityVersion = "Xcode 9.3";
			developmentRegion = en;
			hasScannedForEncodings = 0;
			knownRegions = (
				en,
				Base,
			);
			mainGroup = D590ADE4229BFC07000FE8BE;
			productRefGroup = D590ADEE229BFC07000FE8BE /* Products */;
			projectDirPath = "";
			projectRoot = "";
			targets = (
				D590ADEC229BFC07000FE8BE /* InstaGrid */,
			);
		};
/* End PBXProject section */

/* Begin PBXResourcesBuildPhase section */
		D590ADEB229BFC07000FE8BE /* Resources */ = {
			isa = PBXResourcesBuildPhase;
			buildActionMask = 2147483647;
			files = (
				D590ADFB229BFC09000FE8BE /* LaunchScreen.storyboard in Resources */,
				D590ADF8229BFC09000FE8BE /* Assets.xcassets in Resources */,
				D590ADF6229BFC07000FE8BE /* Main.storyboard in Resources */,
			);
			runOnlyForDeploymentPostprocessing = 0;
		};
/* End PBXResourcesBuildPhase section */

/* Begin PBXSourcesBuildPhase section */
		D590ADE9229BFC07000FE8BE /* Sources */ = {
			isa = PBXSourcesBuildPhase;
			buildActionMask = 2147483647;
			files = (
				D590ADF3229BFC07000FE8BE /* ViewController.swift in Sources */,
				D590ADF1229BFC07000FE8BE /* AppDelegate.swift in Sources */,
			);
			runOnlyForDeploymentPostprocessing = 0;
		};
/* End PBXSourcesBuildPhase section */

/* Begin PBXVariantGroup section */
		D590ADF4229BFC07000FE8BE /* Main.storyboard */ = {
			isa = PBXVariantGroup;
			children = (
				D590ADF5229BFC07000FE8BE /* Base */,
			);
			name = Main.storyboard;
			sourceTree = "<group>";
		};
		D590ADF9229BFC09000FE8BE /* LaunchScreen.storyboard */ = {
			isa = PBXVariantGroup;
			children = (
				D590ADFA229BFC09000FE8BE /* Base */,
			);
			name = LaunchScreen.storyboard;
			sourceTree = "<group>";
		};
/* End PBXVariantGroup section */

/* Begin XCBuildConfiguration section */
		D590ADFD229BFC09000FE8BE /* Debug */ = {
			isa = XCBuildConfiguration;
			buildSettings = {
				ALWAYS_SEARCH_USER_PATHS = NO;
				CLANG_ANALYZER_NONNULL = YES;
				CLANG_ANALYZER_NUMBER_OBJECT_CONVERSION = YES_AGGRESSIVE;
				CLANG_CXX_LANGUAGE_STANDARD = "gnu++14";
				CLANG_CXX_LIBRARY = "libc++";
				CLANG_ENABLE_MODULES = YES;
				CLANG_ENABLE_OBJC_ARC = YES;
				CLANG_ENABLE_OBJC_WEAK = YES;
				CLANG_WARN_BLOCK_CAPTURE_AUTORELEASING = YES;
				CLANG_WARN_BOOL_CONVERSION = YES;
				CLANG_WARN_COMMA = YES;
				CLANG_WARN_CONSTANT_CONVERSION = YES;
				CLANG_WARN_DEPRECATED_OBJC_IMPLEMENTATIONS = YES;
				CLANG_WARN_DIRECT_OBJC_ISA_USAGE = YES_ERROR;
				CLANG_WARN_DOCUMENTATION_COMMENTS = YES;
				CLANG_WARN_EMPTY_BODY = YES;
				CLANG_WARN_ENUM_CONVERSION = YES;
				CLANG_WARN_INFINITE_RECURSION = YES;
				CLANG_WARN_INT_CONVERSION = YES;
				CLANG_WARN_NON_LITERAL_NULL_CONVERSION = YES;
				CLANG_WARN_OBJC_IMPLICIT_RETAIN_SELF = YES;
				CLANG_WARN_OBJC_LITERAL_CONVERSION = YES;
				CLANG_WARN_OBJC_ROOT_CLASS = YES_ERROR;
				CLANG_WARN_RANGE_LOOP_ANALYSIS = YES;
				CLANG_WARN_STRICT_PROTOTYPES = YES;
				CLANG_WARN_SUSPICIOUS_MOVE = YES;
				CLANG_WARN_UNGUARDED_AVAILABILITY = YES_AGGRESSIVE;
				CLANG_WARN_UNREACHABLE_CODE = YES;
				CLANG_WARN__DUPLICATE_METHOD_MATCH = YES;
				CODE_SIGN_IDENTITY = "iPhone Developer";
				COPY_PHASE_STRIP = NO;
				DEBUG_INFORMATION_FORMAT = dwarf;
				ENABLE_STRICT_OBJC_MSGSEND = YES;
				ENABLE_TESTABILITY = YES;
				GCC_C_LANGUAGE_STANDARD = gnu11;
				GCC_DYNAMIC_NO_PIC = NO;
				GCC_NO_COMMON_BLOCKS = YES;
				GCC_OPTIMIZATION_LEVEL = 0;
				GCC_PREPROCESSOR_DEFINITIONS = (
					"DEBUG=1",
					"$(inherited)",
				);
				GCC_WARN_64_TO_32_BIT_CONVERSION = YES;
				GCC_WARN_ABOUT_RETURN_TYPE = YES_ERROR;
				GCC_WARN_UNDECLARED_SELECTOR = YES;
				GCC_WARN_UNINITIALIZED_AUTOS = YES_AGGRESSIVE;
				GCC_WARN_UNUSED_FUNCTION = YES;
				GCC_WARN_UNUSED_VARIABLE = YES;
				IPHONEOS_DEPLOYMENT_TARGET = 12.1;
				MTL_ENABLE_DEBUG_INFO = INCLUDE_SOURCE;
				MTL_FAST_MATH = YES;
				ONLY_ACTIVE_ARCH = YES;
				SDKROOT = iphoneos;
				SWIFT_ACTIVE_COMPILATION_CONDITIONS = DEBUG;
				SWIFT_OPTIMIZATION_LEVEL = "-Onone";
			};
			name = Debug;
		};
		D590ADFE229BFC09000FE8BE /* Release */ = {
			isa = XCBuildConfiguration;
			buildSettings = {
				ALWAYS_SEARCH_USER_PATHS = NO;
				CLANG_ANALYZER_NONNULL = YES;
				CLANG_ANALYZER_NUMBER_OBJECT_CONVERSION = YES_AGGRESSIVE;
				CLANG_CXX_LANGUAGE_STANDARD = "gnu++14";
				CLANG_CXX_LIBRARY = "libc++";
				CLANG_ENABLE_MODULES = YES;
				CLANG_ENABLE_OBJC_ARC = YES;
				CLANG_ENABLE_OBJC_WEAK = YES;
				CLANG_WARN_BLOCK_CAPTURE_AUTORELEASING = YES;
				CLANG_WARN_BOOL_CONVERSION = YES;
				CLANG_WARN_COMMA = YES;
				CLANG_WARN_CONSTANT_CONVERSION = YES;
				CLANG_WARN_DEPRECATED_OBJC_IMPLEMENTATIONS = YES;
				CLANG_WARN_DIRECT_OBJC_ISA_USAGE = YES_ERROR;
				CLANG_WARN_DOCUMENTATION_COMMENTS = YES;
				CLANG_WARN_EMPTY_BODY = YES;
				CLANG_WARN_ENUM_CONVERSION = YES;
				CLANG_WARN_INFINITE_RECURSION = YES;
				CLANG_WARN_INT_CONVERSION = YES;
				CLANG_WARN_NON_LITERAL_NULL_CONVERSION = YES;
				CLANG_WARN_OBJC_IMPLICIT_RETAIN_SELF = YES;
				CLANG_WARN_OBJC_LITERAL_CONVERSION = YES;
				CLANG_WARN_OBJC_ROOT_CLASS = YES_ERROR;
				CLANG_WARN_RANGE_LOOP_ANALYSIS = YES;
				CLANG_WARN_STRICT_PROTOTYPES = YES;
				CLANG_WARN_SUSPICIOUS_MOVE = YES;
				CLANG_WARN_UNGUARDED_AVAILABILITY = YES_AGGRESSIVE;
				CLANG_WARN_UNREACHABLE_CODE = YES;
				CLANG_WARN__DUPLICATE_METHOD_MATCH = YES;
				CODE_SIGN_IDENTITY = "iPhone Developer";
				COPY_PHASE_STRIP = NO;
				DEBUG_INFORMATION_FORMAT = "dwarf-with-dsym";
				ENABLE_NS_ASSERTIONS = NO;
				ENABLE_STRICT_OBJC_MSGSEND = YES;
				GCC_C_LANGUAGE_STANDARD = gnu11;
				GCC_NO_COMMON_BLOCKS = YES;
				GCC_WARN_64_TO_32_BIT_CONVERSION = YES;
				GCC_WARN_ABOUT_RETURN_TYPE = YES_ERROR;
				GCC_WARN_UNDECLARED_SELECTOR = YES;
				GCC_WARN_UNINITIALIZED_AUTOS = YES_AGGRESSIVE;
				GCC_WARN_UNUSED_FUNCTION = YES;
				GCC_WARN_UNUSED_VARIABLE = YES;
				IPHONEOS_DEPLOYMENT_TARGET = 12.1;
				MTL_ENABLE_DEBUG_INFO = NO;
				MTL_FAST_MATH = YES;
				SDKROOT = iphoneos;
				SWIFT_COMPILATION_MODE = wholemodule;
				SWIFT_OPTIMIZATION_LEVEL = "-O";
				VALIDATE_PRODUCT = YES;
			};
			name = Release;
		};
		D590AE00229BFC09000FE8BE /* Debug */ = {
			isa = XCBuildConfiguration;
			buildSettings = {
				ASSETCATALOG_COMPILER_APPICON_NAME = AppIcon;
				CODE_SIGN_STYLE = Automatic;
				DEVELOPMENT_TEAM = P28Y39GE6C;
				INFOPLIST_FILE = "$(SRCROOT)/InstaGrid/Other files/Info.plist";
				LD_RUNPATH_SEARCH_PATHS = (
					"$(inherited)",
					"@executable_path/Frameworks",
				);
				PRODUCT_BUNDLE_IDENTIFIER = fr.Massi.InstaGrid;
				PRODUCT_NAME = "$(TARGET_NAME)";
				SWIFT_VERSION = 4.2;
				TARGETED_DEVICE_FAMILY = "1,2";
			};
			name = Debug;
		};
		D590AE01229BFC09000FE8BE /* Release */ = {
			isa = XCBuildConfiguration;
			buildSettings = {
				ASSETCATALOG_COMPILER_APPICON_NAME = AppIcon;
				CODE_SIGN_STYLE = Automatic;
				DEVELOPMENT_TEAM = P28Y39GE6C;
				INFOPLIST_FILE = "$(SRCROOT)/InstaGrid/Other files/Info.plist";
				LD_RUNPATH_SEARCH_PATHS = (
					"$(inherited)",
					"@executable_path/Frameworks",
				);
				PRODUCT_BUNDLE_IDENTIFIER = fr.Massi.InstaGrid;
				PRODUCT_NAME = "$(TARGET_NAME)";
				SWIFT_VERSION = 4.2;
				TARGETED_DEVICE_FAMILY = "1,2";
			};
			name = Release;
		};
/* End XCBuildConfiguration section */

/* Begin XCConfigurationList section */
		D590ADE8229BFC07000FE8BE /* Build configuration list for PBXProject "InstaGrid" */ = {
			isa = XCConfigurationList;
			buildConfigurations = (
				D590ADFD229BFC09000FE8BE /* Debug */,
				D590ADFE229BFC09000FE8BE /* Release */,
			);
			defaultConfigurationIsVisible = 0;
			defaultConfigurationName = Release;
		};
		D590ADFF229BFC09000FE8BE /* Build configuration list for PBXNativeTarget "InstaGrid" */ = {
			isa = XCConfigurationList;
			buildConfigurations = (
				D590AE00229BFC09000FE8BE /* Debug */,
				D590AE01229BFC09000FE8BE /* Release */,
			);
			defaultConfigurationIsVisible = 0;
			defaultConfigurationName = Release;
		};
/* End XCConfigurationList section */
	};
	rootObject = D590ADE5229BFC07000FE8BE /* Project object */;
}
